
Microsoft Visual Studio Solution File, Format Version 12.00
# Visual Studio Version 16
VisualStudioVersion = 16.0.30002.166
MinimumVisualStudioVersion = 10.0.40219.1
Project("{FAE04EC0-301F-11D3-BF4B-00C04F79EFBC}") = "PNet_Project", "PNet_Project.csproj", "{91A28557-44E8-41B6-997E-3856D61A0169}"
EndProject
Global
	GlobalSection(SolutionConfigurationPlatforms) = preSolution
		Debug|Any CPU = Debug|Any CPU
		Release|Any CPU = Release|Any CPU
	EndGlobalSection
	GlobalSection(ProjectConfigurationPlatforms) = postSolution
		{91A28557-44E8-41B6-997E-3856D61A0169}.Debug|Any CPU.ActiveCfg = Debug|Any CPU
		{91A28557-44E8-41B6-997E-3856D61A0169}.Debug|Any CPU.Build.0 = Debug|Any CPU
		{91A28557-44E8-41B6-997E-3856D61A0169}.Release|Any CPU.ActiveCfg = Release|Any CPU
		{91A28557-44E8-41B6-997E-3856D61A0169}.Release|Any CPU.Build.0 = Release|Any CPU
	EndGlobalSection
	GlobalSection(SolutionProperties) = preSolution
		HideSolutionNode = FALSE
	EndGlobalSection
	GlobalSection(ExtensibilityGlobals) = postSolution
		SolutionGuid = {F86E3A20-023C-41B1-8EF1-A2BD528153F6}
	EndGlobalSection
EndGlobal
